
Microsoft Visual Studio Solution File, Format Version 12.00
# Visual Studio Version 16
VisualStudioVersion = 16.0.30611.23
MinimumVisualStudioVersion = 15.0.26124.0
Project("{9A19103F-16F7-4668-BE54-9A1E7A4F7556}") = "WebApp", "WebApp.csproj", "{F086F7D3-BE9C-4BCC-B7D1-2553107AA23A}"
EndProject
Global
	GlobalSection(SolutionConfigurationPlatforms) = preSolution
		Debug|Any CPU = Debug|Any CPU
		Debug|x64 = Debug|x64
		Debug|x86 = Debug|x86
		Release|Any CPU = Release|Any CPU
		Release|x64 = Release|x64
		Release|x86 = Release|x86
	EndGlobalSection
	GlobalSection(ProjectConfigurationPlatforms) = postSolution
		{F086F7D3-BE9C-4BCC-B7D1-2553107AA23A}.Debug|Any CPU.ActiveCfg = Debug|Any CPU
		{F086F7D3-BE9C-4BCC-B7D1-2553107AA23A}.Debug|Any CPU.Build.0 = Debug|Any CPU
		{F086F7D3-BE9C-4BCC-B7D1-2553107AA23A}.Debug|x64.ActiveCfg = Debug|Any CPU
		{F086F7D3-BE9C-4BCC-B7D1-2553107AA23A}.Debug|x64.Build.0 = Debug|Any CPU
		{F086F7D3-BE9C-4BCC-B7D1-2553107AA23A}.Debug|x86.ActiveCfg = Debug|Any CPU
		{F086F7D3-BE9C-4BCC-B7D1-2553107AA23A}.Debug|x86.Build.0 = Debug|Any CPU
		{F086F7D3-BE9C-4BCC-B7D1-2553107AA23A}.Release|Any CPU.ActiveCfg = Release|Any CPU
		{F086F7D3-BE9C-4BCC-B7D1-2553107AA23A}.Release|Any CPU.Build.0 = Release|Any CPU
		{F086F7D3-BE9C-4BCC-B7D1-2553107AA23A}.Release|x64.ActiveCfg = Release|Any CPU
		{F086F7D3-BE9C-4BCC-B7D1-2553107AA23A}.Release|x64.Build.0 = Release|Any CPU
		{F086F7D3-BE9C-4BCC-B7D1-2553107AA23A}.Release|x86.ActiveCfg = Release|Any CPU
		{F086F7D3-BE9C-4BCC-B7D1-2553107AA23A}.Release|x86.Build.0 = Release|Any CPU
	EndGlobalSection
	GlobalSection(SolutionProperties) = preSolution
		HideSolutionNode = FALSE
	EndGlobalSection
	GlobalSection(ExtensibilityGlobals) = postSolution
		SolutionGuid = {8D48469B-6C22-4029-ACF4-1ADED01B9271}
	EndGlobalSection
EndGlobal
